Microsoft Visual Studio Solution File, Format Version 11.00
# Visual Studio 2008

Project("{9BED1331-58BE-E8F5-AC6D-7ED414B6A923}") = "2d practice", "Assembly-CSharp.csproj", "{9047E545-3127-DF66-8CDA-5D6405E3F5E3}"
EndProject
Global
	GlobalSection(SolutionConfigurationPlatforms) = preSolution
		Debug|Any CPU = Debug|Any CPU
		Release|Any CPU = Release|Any CPU
	EndGlobalSection
	GlobalSection(ProjectConfigurationPlatforms) = postSolution
		{9047E545-3127-DF66-8CDA-5D6405E3F5E3}.Debug|Any CPU.ActiveCfg = Debug|Any CPU
		{9047E545-3127-DF66-8CDA-5D6405E3F5E3}.Debug|Any CPU.Build.0 = Debug|Any CPU
		{9047E545-3127-DF66-8CDA-5D6405E3F5E3}.Release|Any CPU.ActiveCfg = Release|Any CPU
		{9047E545-3127-DF66-8CDA-5D6405E3F5E3}.Release|Any CPU.Build.0 = Release|Any CPU
	EndGlobalSection
	GlobalSection(SolutionProperties) = preSolution
		HideSolutionNode = FALSE
	EndGlobalSection
	GlobalSection(MonoDevelopProperties) = preSolution
		StartupItem = Assembly-CSharp.csproj
	EndGlobalSection
EndGlobal
